// !$*UTF8*$!
{
	archiveVersion = 1;
	classes = {
	};
	objectVersion = 77;
	objects = {

/* Begin PBXBuildFile section */
		F21CE48F2CDAD420005004CB /* dictionary.json in Resources */ = {isa = PBXBuildFile; fileRef = F21CE4852CDAD420005004CB /* dictionary.json */; };
		F21CE4902CDAD420005004CB /* Assets.xcassets in Resources */ = {isa = PBXBuildFile; fileRef = F21CE48C2CDAD420005004CB /* Assets.xcassets */; };
		F21CE4932CDAD420005004CB /* Tile.swift in Sources */ = {isa = PBXBuildFile; fileRef = F21CE4812CDAD420005004CB /* Tile.swift */; };
		F21CE4942CDAD420005004CB /* TileSelectionPreferenceKey.swift in Sources */ = {isa = PBXBuildFile; fileRef = F21CE4832CDAD420005004CB /* TileSelectionPreferenceKey.swift */; };
		F21CE4952CDAD420005004CB /* GameView.swift in Sources */ = {isa = PBXBuildFile; fileRef = F21CE4872CDAD420005004CB /* GameView.swift */; };
		F21CE4962CDAD420005004CB /* GridView.swift in Sources */ = {isa = PBXBuildFile; fileRef = F21CE4882CDAD420005004CB /* GridView.swift */; };
		F21CE4972CDAD420005004CB /* TileSelectionPath.swift in Sources */ = {isa = PBXBuildFile; fileRef = F21CE4892CDAD420005004CB /* TileSelectionPath.swift */; };
		F21CE4982CDAD420005004CB /* TileView.swift in Sources */ = {isa = PBXBuildFile; fileRef = F21CE48A2CDAD420005004CB /* TileView.swift */; };
		F21CE4992CDAD420005004CB /* WordTilesApp.swift in Sources */ = {isa = PBXBuildFile; fileRef = F21CE48D2CDAD420005004CB /* WordTilesApp.swift */; };
		F21CE49B2CDAD452005004CB /* DictionaryEntry.swift in Sources */ = {isa = PBXBuildFile; fileRef = F21CE49A2CDAD44D005004CB /* DictionaryEntry.swift */; };
		F21CE49D2CDAD476005004CB /* Dictionary.swift in Sources */ = {isa = PBXBuildFile; fileRef = F21CE49C2CDAD473005004CB /* Dictionary.swift */; };
		F21CE49F2CDADFB8005004CB /* CompletedWord.swift in Sources */ = {isa = PBXBuildFile; fileRef = F21CE49E2CDADFB2005004CB /* CompletedWord.swift */; };
		F21CE4A12CDAE006005004CB /* Letter.swift in Sources */ = {isa = PBXBuildFile; fileRef = F21CE4A02CDAE004005004CB /* Letter.swift */; };
		F26867F52CDB786400DE111D /* WordValidator.swift in Sources */ = {isa = PBXBuildFile; fileRef = F26867F42CDB786000DE111D /* WordValidator.swift */; };
/* End PBXBuildFile section */

/* Begin PBXFileReference section */
		F21CE44C2CDAB4A1005004CB /* WordTiles.app */ = {isa = PBXFileReference; explicitFileType = wrapper.application; includeInIndex = 0; path = WordTiles.app; sourceTree = BUILT_PRODUCTS_DIR; };
		F21CE4812CDAD420005004CB /* Tile.swift */ = {isa = PBXFileReference; lastKnownFileType = sourcecode.swift; path = Tile.swift; sourceTree = "<group>"; };
		F21CE4832CDAD420005004CB /* TileSelectionPreferenceKey.swift */ = {isa = PBXFileReference; lastKnownFileType = sourcecode.swift; path = TileSelectionPreferenceKey.swift; sourceTree = "<group>"; };
		F21CE4852CDAD420005004CB /* dictionary.json */ = {isa = PBXFileReference; lastKnownFileType = text.json; path = dictionary.json; sourceTree = "<group>"; };
		F21CE4872CDAD420005004CB /* GameView.swift */ = {isa = PBXFileReference; lastKnownFileType = sourcecode.swift; path = GameView.swift; sourceTree = "<group>"; };
		F21CE4882CDAD420005004CB /* GridView.swift */ = {isa = PBXFileReference; lastKnownFileType = sourcecode.swift; path = GridView.swift; sourceTree = "<group>"; };
		F21CE4892CDAD420005004CB /* TileSelectionPath.swift */ = {isa = PBXFileReference; lastKnownFileType = sourcecode.swift; path = TileSelectionPath.swift; sourceTree = "<group>"; };
		F21CE48A2CDAD420005004CB /* TileView.swift */ = {isa = PBXFileReference; lastKnownFileType = sourcecode.swift; path = TileView.swift; sourceTree = "<group>"; };
		F21CE48C2CDAD420005004CB /* Assets.xcassets */ = {isa = PBXFileReference; lastKnownFileType = folder.assetcatalog; path = Assets.xcassets; sourceTree = "<group>"; };
		F21CE48D2CDAD420005004CB /* WordTilesApp.swift */ = {isa = PBXFileReference; lastKnownFileType = sourcecode.swift; path = WordTilesApp.swift; sourceTree = "<group>"; };
		F21CE49A2CDAD44D005004CB /* DictionaryEntry.swift */ = {isa = PBXFileReference; lastKnownFileType = sourcecode.swift; path = DictionaryEntry.swift; sourceTree = "<group>"; };
		F21CE49C2CDAD473005004CB /* Dictionary.swift */ = {isa = PBXFileReference; lastKnownFileType = sourcecode.swift; path = Dictionary.swift; sourceTree = "<group>"; };
		F21CE49E2CDADFB2005004CB /* CompletedWord.swift */ = {isa = PBXFileReference; lastKnownFileType = sourcecode.swift; path = CompletedWord.swift; sourceTree = "<group>"; };
		F21CE4A02CDAE004005004CB /* Letter.swift */ = {isa = PBXFileReference; lastKnownFileType = sourcecode.swift; path = Letter.swift; sourceTree = "<group>"; };
		F26867F42CDB786000DE111D /* WordValidator.swift */ = {isa = PBXFileReference; lastKnownFileType = sourcecode.swift; path = WordValidator.swift; sourceTree = "<group>"; };
/* End PBXFileReference section */

/* Begin PBXFrameworksBuildPhase section */
		F21CE4492CDAB4A1005004CB /* Frameworks */ = {
			isa = PBXFrameworksBuildPhase;
			buildActionMask = 2147483647;
			files = (
			);
			runOnlyForDeploymentPostprocessing = 0;
		};
/* End PBXFrameworksBuildPhase section */

/* Begin PBXGroup section */
		F21CE4432CDAB4A1005004CB = {
			isa = PBXGroup;
			children = (
				F21CE48E2CDAD420005004CB /* WordTiles */,
				F21CE44D2CDAB4A1005004CB /* Products */,
			);
			sourceTree = "<group>";
		};
		F21CE44D2CDAB4A1005004CB /* Products */ = {
			isa = PBXGroup;
			children = (
				F21CE44C2CDAB4A1005004CB /* WordTiles.app */,
			);
			name = Products;
			sourceTree = "<group>";
		};
		F21CE4802CDAD420005004CB /* Managers */ = {
			isa = PBXGroup;
			children = (
				F26867F42CDB786000DE111D /* WordValidator.swift */,
				F21CE49C2CDAD473005004CB /* Dictionary.swift */,
			);
			path = Managers;
			sourceTree = "<group>";
		};
		F21CE4822CDAD420005004CB /* Models */ = {
			isa = PBXGroup;
			children = (
				F21CE4A02CDAE004005004CB /* Letter.swift */,
				F21CE49E2CDADFB2005004CB /* CompletedWord.swift */,
				F21CE4812CDAD420005004CB /* Tile.swift */,
				F21CE49A2CDAD44D005004CB /* DictionaryEntry.swift */,
			);
			path = Models;
			sourceTree = "<group>";
		};
		F21CE4842CDAD420005004CB /* Preferences */ = {
			isa = PBXGroup;
			children = (
				F21CE4832CDAD420005004CB /* TileSelectionPreferenceKey.swift */,
			);
			path = Preferences;
			sourceTree = "<group>";
		};
		F21CE4862CDAD420005004CB /* Resources */ = {
			isa = PBXGroup;
			children = (
				F21CE4852CDAD420005004CB /* dictionary.json */,
			);
			path = Resources;
			sourceTree = "<group>";
		};
		F21CE48B2CDAD420005004CB /* Views */ = {
			isa = PBXGroup;
			children = (
				F21CE4872CDAD420005004CB /* GameView.swift */,
				F2A8D9D52CDCFEE800857B36 /* Tile */,
				F2A8D9D32CDCFECF00857B36 /* Grid */,
			);
			path = Views;
			sourceTree = "<group>";
		};
		F21CE48E2CDAD420005004CB /* WordTiles */ = {
			isa = PBXGroup;
			children = (
				F21CE4862CDAD420005004CB /* Resources */,
				F21CE4802CDAD420005004CB /* Managers */,
				F21CE4822CDAD420005004CB /* Models */,
				F21CE4842CDAD420005004CB /* Preferences */,
				F21CE48B2CDAD420005004CB /* Views */,
				F21CE48C2CDAD420005004CB /* Assets.xcassets */,
				F21CE48D2CDAD420005004CB /* WordTilesApp.swift */,
			);
			path = WordTiles;
			sourceTree = "<group>";
		};
		F2A8D9D32CDCFECF00857B36 /* Grid */ = {
			isa = PBXGroup;
			children = (
				F21CE4882CDAD420005004CB /* GridView.swift */,
			);
			path = Grid;
			sourceTree = "<group>";
		};
		F2A8D9D52CDCFEE800857B36 /* Tile */ = {
			isa = PBXGroup;
			children = (
				F21CE48A2CDAD420005004CB /* TileView.swift */,
				F21CE4892CDAD420005004CB /* TileSelectionPath.swift */,
			);
			path = Tile;
			sourceTree = "<group>";
		};
/* End PBXGroup section */

/* Begin PBXNativeTarget section */
		F21CE44B2CDAB4A1005004CB /* WordTiles */ = {
			isa = PBXNativeTarget;
			buildConfigurationList = F21CE45A2CDAB4A3005004CB /* Build configuration list for PBXNativeTarget "WordTiles" */;
			buildPhases = (
				F21CE4482CDAB4A1005004CB /* Sources */,
				F21CE4492CDAB4A1005004CB /* Frameworks */,
				F21CE44A2CDAB4A1005004CB /* Resources */,
			);
			buildRules = (
			);
			dependencies = (
			);
			name = WordTiles;
			packageProductDependencies = (
			);
			productName = WordTiles;
			productReference = F21CE44C2CDAB4A1005004CB /* WordTiles.app */;
			productType = "com.apple.product-type.application";
		};
/* End PBXNativeTarget section */

/* Begin PBXProject section */
		F21CE4442CDAB4A1005004CB /* Project object */ = {
			isa = PBXProject;
			attributes = {
				BuildIndependentTargetsInParallel = 1;
				LastSwiftUpdateCheck = 1600;
				LastUpgradeCheck = 1600;
				TargetAttributes = {
					F21CE44B2CDAB4A1005004CB = {
						CreatedOnToolsVersion = 16.0;
					};
				};
			};
			buildConfigurationList = F21CE4472CDAB4A1005004CB /* Build configuration list for PBXProject "WordTiles" */;
			developmentRegion = en;
			hasScannedForEncodings = 0;
			knownRegions = (
				en,
				Base,
			);
			mainGroup = F21CE4432CDAB4A1005004CB;
			minimizedProjectReferenceProxies = 1;
			preferredProjectObjectVersion = 77;
			productRefGroup = F21CE44D2CDAB4A1005004CB /* Products */;
			projectDirPath = "";
			projectRoot = "";
			targets = (
				F21CE44B2CDAB4A1005004CB /* WordTiles */,
			);
		};
/* End PBXProject section */

/* Begin PBXResourcesBuildPhase section */
		F21CE44A2CDAB4A1005004CB /* Resources */ = {
			isa = PBXResourcesBuildPhase;
			buildActionMask = 2147483647;
			files = (
				F21CE48F2CDAD420005004CB /* dictionary.json in Resources */,
				F21CE4902CDAD420005004CB /* Assets.xcassets in Resources */,
			);
			runOnlyForDeploymentPostprocessing = 0;
		};
/* End PBXResourcesBuildPhase section */

/* Begin PBXSourcesBuildPhase section */
		F21CE4482CDAB4A1005004CB /* Sources */ = {
			isa = PBXSourcesBuildPhase;
			buildActionMask = 2147483647;
			files = (
				F26867F52CDB786400DE111D /* WordValidator.swift in Sources */,
				F21CE4932CDAD420005004CB /* Tile.swift in Sources */,
				F21CE4942CDAD420005004CB /* TileSelectionPreferenceKey.swift in Sources */,
				F21CE4A12CDAE006005004CB /* Letter.swift in Sources */,
				F21CE49D2CDAD476005004CB /* Dictionary.swift in Sources */,
				F21CE49B2CDAD452005004CB /* DictionaryEntry.swift in Sources */,
				F21CE4952CDAD420005004CB /* GameView.swift in Sources */,
				F21CE4962CDAD420005004CB /* GridView.swift in Sources */,
				F21CE49F2CDADFB8005004CB /* CompletedWord.swift in Sources */,
				F21CE4972CDAD420005004CB /* TileSelectionPath.swift in Sources */,
				F21CE4982CDAD420005004CB /* TileView.swift in Sources */,
				F21CE4992CDAD420005004CB /* WordTilesApp.swift in Sources */,
			);
			runOnlyForDeploymentPostprocessing = 0;
		};
/* End PBXSourcesBuildPhase section */

/* Begin XCBuildConfiguration section */
		F21CE4582CDAB4A3005004CB /* Debug */ = {
			isa = XCBuildConfiguration;
			buildSettings = {
				ALWAYS_SEARCH_USER_PATHS = NO;
				ASSETCATALOG_COMPILER_GENERATE_SWIFT_ASSET_SYMBOL_EXTENSIONS = YES;
				CLANG_ANALYZER_NONNULL = YES;
				CLANG_ANALYZER_NUMBER_OBJECT_CONVERSION = YES_AGGRESSIVE;
				CLANG_CXX_LANGUAGE_STANDARD = "gnu++20";
				CLANG_ENABLE_MODULES = YES;
				CLANG_ENABLE_OBJC_ARC = YES;
				CLANG_ENABLE_OBJC_WEAK = YES;
				CLANG_WARN_BLOCK_CAPTURE_AUTORELEASING = YES;
				CLANG_WARN_BOOL_CONVERSION = YES;
				CLANG_WARN_COMMA = YES;
				CLANG_WARN_CONSTANT_CONVERSION = YES;
				CLANG_WARN_DEPRECATED_OBJC_IMPLEMENTATIONS = YES;
				CLANG_WARN_DIRECT_OBJC_ISA_USAGE = YES_ERROR;
				CLANG_WARN_DOCUMENTATION_COMMENTS = YES;
				CLANG_WARN_EMPTY_BODY = YES;
				CLANG_WARN_ENUM_CONVERSION = YES;
				CLANG_WARN_INFINITE_RECURSION = YES;
				CLANG_WARN_INT_CONVERSION = YES;
				CLANG_WARN_NON_LITERAL_NULL_CONVERSION = YES;
				CLANG_WARN_OBJC_IMPLICIT_RETAIN_SELF = YES;
				CLANG_WARN_OBJC_LITERAL_CONVERSION = YES;
				CLANG_WARN_OBJC_ROOT_CLASS = YES_ERROR;
				CLANG_WARN_QUOTED_INCLUDE_IN_FRAMEWORK_HEADER = YES;
				CLANG_WARN_RANGE_LOOP_ANALYSIS = YES;
				CLANG_WARN_STRICT_PROTOTYPES = YES;
				CLANG_WARN_SUSPICIOUS_MOVE = YES;
				CLANG_WARN_UNGUARDED_AVAILABILITY = YES_AGGRESSIVE;
				CLANG_WARN_UNREACHABLE_CODE = YES;
				CLANG_WARN__DUPLICATE_METHOD_MATCH = YES;
				COPY_PHASE_STRIP = NO;
				DEBUG_INFORMATION_FORMAT = dwarf;
				ENABLE_STRICT_OBJC_MSGSEND = YES;
				ENABLE_TESTABILITY = YES;
				ENABLE_USER_SCRIPT_SANDBOXING = YES;
				GCC_C_LANGUAGE_STANDARD = gnu17;
				GCC_DYNAMIC_NO_PIC = NO;
				GCC_NO_COMMON_BLOCKS = YES;
				GCC_OPTIMIZATION_LEVEL = 0;
				GCC_PREPROCESSOR_DEFINITIONS = (
					"DEBUG=1",
					"$(inherited)",
				);
				GCC_WARN_64_TO_32_BIT_CONVERSION = YES;
				GCC_WARN_ABOUT_RETURN_TYPE = YES_ERROR;
				GCC_WARN_UNDECLARED_SELECTOR = YES;
				GCC_WARN_UNINITIALIZED_AUTOS = YES_AGGRESSIVE;
				GCC_WARN_UNUSED_FUNCTION = YES;
				GCC_WARN_UNUSED_VARIABLE = YES;
				IPHONEOS_DEPLOYMENT_TARGET = 18.0;
				LOCALIZATION_PREFERS_STRING_CATALOGS = YES;
				MTL_ENABLE_DEBUG_INFO = INCLUDE_SOURCE;
				MTL_FAST_MATH = YES;
				ONLY_ACTIVE_ARCH = YES;
				SDKROOT = iphoneos;
				SWIFT_ACTIVE_COMPILATION_CONDITIONS = "DEBUG $(inherited)";
				SWIFT_OPTIMIZATION_LEVEL = "-Onone";
			};
			name = Debug;
		};
		F21CE4592CDAB4A3005004CB /* Release */ = {
			isa = XCBuildConfiguration;
			buildSettings = {
				ALWAYS_SEARCH_USER_PATHS = NO;
				ASSETCATALOG_COMPILER_GENERATE_SWIFT_ASSET_SYMBOL_EXTENSIONS = YES;
				CLANG_ANALYZER_NONNULL = YES;
				CLANG_ANALYZER_NUMBER_OBJECT_CONVERSION = YES_AGGRESSIVE;
				CLANG_CXX_LANGUAGE_STANDARD = "gnu++20";
				CLANG_ENABLE_MODULES = YES;
				CLANG_ENABLE_OBJC_ARC = YES;
				CLANG_ENABLE_OBJC_WEAK = YES;
				CLANG_WARN_BLOCK_CAPTURE_AUTORELEASING = YES;
				CLANG_WARN_BOOL_CONVERSION = YES;
				CLANG_WARN_COMMA = YES;
				CLANG_WARN_CONSTANT_CONVERSION = YES;
				CLANG_WARN_DEPRECATED_OBJC_IMPLEMENTATIONS = YES;
				CLANG_WARN_DIRECT_OBJC_ISA_USAGE = YES_ERROR;
				CLANG_WARN_DOCUMENTATION_COMMENTS = YES;
				CLANG_WARN_EMPTY_BODY = YES;
				CLANG_WARN_ENUM_CONVERSION = YES;
				CLANG_WARN_INFINITE_RECURSION = YES;
				CLANG_WARN_INT_CONVERSION = YES;
				CLANG_WARN_NON_LITERAL_NULL_CONVERSION = YES;
				CLANG_WARN_OBJC_IMPLICIT_RETAIN_SELF = YES;
				CLANG_WARN_OBJC_LITERAL_CONVERSION = YES;
				CLANG_WARN_OBJC_ROOT_CLASS = YES_ERROR;
				CLANG_WARN_QUOTED_INCLUDE_IN_FRAMEWORK_HEADER = YES;
				CLANG_WARN_RANGE_LOOP_ANALYSIS = YES;
				CLANG_WARN_STRICT_PROTOTYPES = YES;
				CLANG_WARN_SUSPICIOUS_MOVE = YES;
				CLANG_WARN_UNGUARDED_AVAILABILITY = YES_AGGRESSIVE;
				CLANG_WARN_UNREACHABLE_CODE = YES;
				CLANG_WARN__DUPLICATE_METHOD_MATCH = YES;
				COPY_PHASE_STRIP = NO;
				DEBUG_INFORMATION_FORMAT = "dwarf-with-dsym";
				ENABLE_NS_ASSERTIONS = NO;
				ENABLE_STRICT_OBJC_MSGSEND = YES;
				ENABLE_USER_SCRIPT_SANDBOXING = YES;
				GCC_C_LANGUAGE_STANDARD = gnu17;
				GCC_NO_COMMON_BLOCKS = YES;
				GCC_WARN_64_TO_32_BIT_CONVERSION = YES;
				GCC_WARN_ABOUT_RETURN_TYPE = YES_ERROR;
				GCC_WARN_UNDECLARED_SELECTOR = YES;
				GCC_WARN_UNINITIALIZED_AUTOS = YES_AGGRESSIVE;
				GCC_WARN_UNUSED_FUNCTION = YES;
				GCC_WARN_UNUSED_VARIABLE = YES;
				IPHONEOS_DEPLOYMENT_TARGET = 18.0;
				LOCALIZATION_PREFERS_STRING_CATALOGS = YES;
				MTL_ENABLE_DEBUG_INFO = NO;
				MTL_FAST_MATH = YES;
				SDKROOT = iphoneos;
				SWIFT_COMPILATION_MODE = wholemodule;
				VALIDATE_PRODUCT = YES;
			};
			name = Release;
		};
		F21CE45B2CDAB4A3005004CB /* Debug */ = {
			isa = XCBuildConfiguration;
			buildSettings = {
				ASSETCATALOG_COMPILER_APPICON_NAME = AppIcon;
				ASSETCATALOG_COMPILER_GLOBAL_ACCENT_COLOR_NAME = AccentColor;
				CODE_SIGN_STYLE = Automatic;
				CURRENT_PROJECT_VERSION = 1;
				DEVELOPMENT_TEAM = LZB8X3995T;
				ENABLE_PREVIEWS = YES;
				GENERATE_INFOPLIST_FILE = YES;
				INFOPLIST_KEY_UIApplicationSceneManifest_Generation = YES;
				INFOPLIST_KEY_UIApplicationSupportsIndirectInputEvents = YES;
				INFOPLIST_KEY_UILaunchScreen_Generation = YES;
				INFOPLIST_KEY_UISupportedInterfaceOrientations_iPad = "UIInterfaceOrientationPortrait UIInterfaceOrientationPortraitUpsideDown UIInterfaceOrientationLandscapeLeft UIInterfaceOrientationLandscapeRight";
				INFOPLIST_KEY_UISupportedInterfaceOrientations_iPhone = "UIInterfaceOrientationPortrait UIInterfaceOrientationLandscapeLeft UIInterfaceOrientationLandscapeRight";
				LD_RUNPATH_SEARCH_PATHS = (
					"$(inherited)",
					"@executable_path/Frameworks",
				);
				MARKETING_VERSION = 1.0;
				PRODUCT_BUNDLE_IDENTIFIER = com.kim.WordTiles;
				PRODUCT_NAME = "$(TARGET_NAME)";
				SWIFT_EMIT_LOC_STRINGS = YES;
				SWIFT_VERSION = 5.0;
				TARGETED_DEVICE_FAMILY = "1,2";
			};
			name = Debug;
		};
		F21CE45C2CDAB4A3005004CB /* Release */ = {
			isa = XCBuildConfiguration;
			buildSettings = {
				ASSETCATALOG_COMPILER_APPICON_NAME = AppIcon;
				ASSETCATALOG_COMPILER_GLOBAL_ACCENT_COLOR_NAME = AccentColor;
				CODE_SIGN_STYLE = Automatic;
				CURRENT_PROJECT_VERSION = 1;
				DEVELOPMENT_TEAM = LZB8X3995T;
				ENABLE_PREVIEWS = YES;
				GENERATE_INFOPLIST_FILE = YES;
				INFOPLIST_KEY_UIApplicationSceneManifest_Generation = YES;
				INFOPLIST_KEY_UIApplicationSupportsIndirectInputEvents = YES;
				INFOPLIST_KEY_UILaunchScreen_Generation = YES;
				INFOPLIST_KEY_UISupportedInterfaceOrientations_iPad = "UIInterfaceOrientationPortrait UIInterfaceOrientationPortraitUpsideDown UIInterfaceOrientationLandscapeLeft UIInterfaceOrientationLandscapeRight";
				INFOPLIST_KEY_UISupportedInterfaceOrientations_iPhone = "UIInterfaceOrientationPortrait UIInterfaceOrientationLandscapeLeft UIInterfaceOrientationLandscapeRight";
				LD_RUNPATH_SEARCH_PATHS = (
					"$(inherited)",
					"@executable_path/Frameworks",
				);
				MARKETING_VERSION = 1.0;
				PRODUCT_BUNDLE_IDENTIFIER = com.kim.WordTiles;
				PRODUCT_NAME = "$(TARGET_NAME)";
				SWIFT_EMIT_LOC_STRINGS = YES;
				SWIFT_VERSION = 5.0;
				TARGETED_DEVICE_FAMILY = "1,2";
			};
			name = Release;
		};
/* End XCBuildConfiguration section */

/* Begin XCConfigurationList section */
		F21CE4472CDAB4A1005004CB /* Build configuration list for PBXProject "WordTiles" */ = {
			isa = XCConfigurationList;
			buildConfigurations = (
				F21CE4582CDAB4A3005004CB /* Debug */,
				F21CE4592CDAB4A3005004CB /* Release */,
			);
			defaultConfigurationIsVisible = 0;
			defaultConfigurationName = Release;
		};
		F21CE45A2CDAB4A3005004CB /* Build configuration list for PBXNativeTarget "WordTiles" */ = {
			isa = XCConfigurationList;
			buildConfigurations = (
				F21CE45B2CDAB4A3005004CB /* Debug */,
				F21CE45C2CDAB4A3005004CB /* Release */,
			);
			defaultConfigurationIsVisible = 0;
			defaultConfigurationName = Release;
		};
/* End XCConfigurationList section */
	};
	rootObject = F21CE4442CDAB4A1005004CB /* Project object */;
}
